// !$*UTF8*$!
{
	archiveVersion = 1;
	classes = {
	};
	objectVersion = 46;
	objects = {

/* Begin PBXBuildFile section */
		6D8D8DB0174F350900260FE6 /* UIKit.framework in Frameworks */ = {isa = PBXBuildFile; fileRef = 6D8D8DAF174F350900260FE6 /* UIKit.framework */; };
		6D8D8DB2174F350900260FE6 /* Foundation.framework in Frameworks */ = {isa = PBXBuildFile; fileRef = 6D8D8DB1174F350900260FE6 /* Foundation.framework */; };
		6D8D8DB4174F350900260FE6 /* CoreGraphics.framework in Frameworks */ = {isa = PBXBuildFile; fileRef = 6D8D8DB3174F350900260FE6 /* CoreGraphics.framework */; };
		6D8D8DBA174F350900260FE6 /* InfoPlist.strings in Resources */ = {isa = PBXBuildFile; fileRef = 6D8D8DB8174F350900260FE6 /* InfoPlist.strings */; };
		6D8D8DBC174F350900260FE6 /* main.m in Sources */ = {isa = PBXBuildFile; fileRef = 6D8D8DBB174F350900260FE6 /* main.m */; };
		6D8D8DC0174F350900260FE6 /* MKAppDelegate.m in Sources */ = {isa = PBXBuildFile; fileRef = 6D8D8DBF174F350900260FE6 /* MKAppDelegate.m */; };
		6D8D8DC2174F350900260FE6 /* Default.png in Resources */ = {isa = PBXBuildFile; fileRef = 6D8D8DC1174F350900260FE6 /* Default.png */; };
		6D8D8DC4174F350900260FE6 /* Default@2x.png in Resources */ = {isa = PBXBuildFile; fileRef = 6D8D8DC3174F350900260FE6 /* Default@2x.png */; };
		6D8D8DC6174F350900260FE6 /* Default-568h@2x.png in Resources */ = {isa = PBXBuildFile; fileRef = 6D8D8DC5174F350900260FE6 /* Default-568h@2x.png */; };
		6D8D8DC9174F350900260FE6 /* MainStoryboard.storyboard in Resources */ = {isa = PBXBuildFile; fileRef = 6D8D8DC7174F350900260FE6 /* MainStoryboard.storyboard */; };
		6D8D8DCC174F350900260FE6 /* MKViewController.m in Sources */ = {isa = PBXBuildFile; fileRef = 6D8D8DCB174F350900260FE6 /* MKViewController.m */; };
/* End PBXBuildFile section */

/* Begin PBXFileReference section */
		6D8D8DAC174F350900260FE6 /* survey.app */ = {isa = PBXFileReference; explicitFileType = wrapper.application; includeInIndex = 0; path = survey.app; sourceTree = BUILT_PRODUCTS_DIR; };
		6D8D8DAF174F350900260FE6 /* UIKit.framework */ = {isa = PBXFileReference; lastKnownFileType = wrapper.framework; name = UIKit.framework; path = System/Library/Frameworks/UIKit.framework; sourceTree = SDKROOT; };
		6D8D8DB1174F350900260FE6 /* Foundation.framework */ = {isa = PBXFileReference; lastKnownFileType = wrapper.framework; name = Foundation.framework; path = System/Library/Frameworks/Foundation.framework; sourceTree = SDKROOT; };
		6D8D8DB3174F350900260FE6 /* CoreGraphics.framework */ = {isa = PBXFileReference; lastKnownFileType = wrapper.framework; name = CoreGraphics.framework; path = System/Library/Frameworks/CoreGraphics.framework; sourceTree = SDKROOT; };
		6D8D8DB7174F350900260FE6 /* survey-Info.plist */ = {isa = PBXFileReference; lastKnownFileType = text.plist.xml; path = "survey-Info.plist"; sourceTree = "<group>"; };
		6D8D8DB9174F350900260FE6 /* en */ = {isa = PBXFileReference; lastKnownFileType = text.plist.strings; name = en; path = en.lproj/InfoPlist.strings; sourceTree = "<group>"; };
		6D8D8DBB174F350900260FE6 /* main.m */ = {isa = PBXFileReference; lastKnownFileType = sourcecode.c.objc; path = main.m; sourceTree = "<group>"; };
		6D8D8DBD174F350900260FE6 /* survey-Prefix.pch */ = {isa = PBXFileReference; lastKnownFileType = sourcecode.c.h; path = "survey-Prefix.pch"; sourceTree = "<group>"; };
		6D8D8DBE174F350900260FE6 /* MKAppDelegate.h */ = {isa = PBXFileReference; lastKnownFileType = sourcecode.c.h; path = MKAppDelegate.h; sourceTree = "<group>"; };
		6D8D8DBF174F350900260FE6 /* MKAppDelegate.m */ = {isa = PBXFileReference; lastKnownFileType = sourcecode.c.objc; path = MKAppDelegate.m; sourceTree = "<group>"; };
		6D8D8DC1174F350900260FE6 /* Default.png */ = {isa = PBXFileReference; lastKnownFileType = image.png; path = Default.png; sourceTree = "<group>"; };
		6D8D8DC3174F350900260FE6 /* Default@2x.png */ = {isa = PBXFileReference; lastKnownFileType = image.png; path = "Default@2x.png"; sourceTree = "<group>"; };
		6D8D8DC5174F350900260FE6 /* Default-568h@2x.png */ = {isa = PBXFileReference; lastKnownFileType = image.png; path = "Default-568h@2x.png"; sourceTree = "<group>"; };
		6D8D8DC8174F350900260FE6 /* en */ = {isa = PBXFileReference; lastKnownFileType = file.storyboard; name = en; path = en.lproj/MainStoryboard.storyboard; sourceTree = "<group>"; };
		6D8D8DCA174F350900260FE6 /* MKViewController.h */ = {isa = PBXFileReference; lastKnownFileType = sourcecode.c.h; path = MKViewController.h; sourceTree = "<group>"; };
		6D8D8DCB174F350900260FE6 /* MKViewController.m */ = {isa = PBXFileReference; lastKnownFileType = sourcecode.c.objc; path = MKViewController.m; sourceTree = "<group>"; };
/* End PBXFileReference section */

/* Begin PBXFrameworksBuildPhase section */
		6D8D8DA9174F350900260FE6 /* Frameworks */ = {
			isa = PBXFrameworksBuildPhase;
			buildActionMask = 2147483647;
			files = (
				6D8D8DB0174F350900260FE6 /* UIKit.framework in Frameworks */,
				6D8D8DB2174F350900260FE6 /* Foundation.framework in Frameworks */,
				6D8D8DB4174F350900260FE6 /* CoreGraphics.framework in Frameworks */,
			);
			runOnlyForDeploymentPostprocessing = 0;
		};
/* End PBXFrameworksBuildPhase section */

/* Begin PBXGroup section */
		6D8D8DA3174F350900260FE6 = {
			isa = PBXGroup;
			children = (
				6D8D8DB5174F350900260FE6 /* survey */,
				6D8D8DAE174F350900260FE6 /* Frameworks */,
				6D8D8DAD174F350900260FE6 /* Products */,
			);
			sourceTree = "<group>";
		};
		6D8D8DAD174F350900260FE6 /* Products */ = {
			isa = PBXGroup;
			children = (
				6D8D8DAC174F350900260FE6 /* survey.app */,
			);
			name = Products;
			sourceTree = "<group>";
		};
		6D8D8DAE174F350900260FE6 /* Frameworks */ = {
			isa = PBXGroup;
			children = (
				6D8D8DAF174F350900260FE6 /* UIKit.framework */,
				6D8D8DB1174F350900260FE6 /* Foundation.framework */,
				6D8D8DB3174F350900260FE6 /* CoreGraphics.framework */,
			);
			name = Frameworks;
			sourceTree = "<group>";
		};
		6D8D8DB5174F350900260FE6 /* survey */ = {
			isa = PBXGroup;
			children = (
				6D8D8DBE174F350900260FE6 /* MKAppDelegate.h */,
				6D8D8DBF174F350900260FE6 /* MKAppDelegate.m */,
				6D8D8DC7174F350900260FE6 /* MainStoryboard.storyboard */,
				6D8D8DCA174F350900260FE6 /* MKViewController.h */,
				6D8D8DCB174F350900260FE6 /* MKViewController.m */,
				6D8D8DB6174F350900260FE6 /* Supporting Files */,
			);
			path = survey;
			sourceTree = "<group>";
		};
		6D8D8DB6174F350900260FE6 /* Supporting Files */ = {
			isa = PBXGroup;
			children = (
				6D8D8DB7174F350900260FE6 /* survey-Info.plist */,
				6D8D8DB8174F350900260FE6 /* InfoPlist.strings */,
				6D8D8DBB174F350900260FE6 /* main.m */,
				6D8D8DBD174F350900260FE6 /* survey-Prefix.pch */,
				6D8D8DC1174F350900260FE6 /* Default.png */,
				6D8D8DC3174F350900260FE6 /* Default@2x.png */,
				6D8D8DC5174F350900260FE6 /* Default-568h@2x.png */,
			);
			name = "Supporting Files";
			sourceTree = "<group>";
		};
/* End PBXGroup section */

/* Begin PBXNativeTarget section */
		6D8D8DAB174F350900260FE6 /* survey */ = {
			isa = PBXNativeTarget;
			buildConfigurationList = 6D8D8DCF174F350900260FE6 /* Build configuration list for PBXNativeTarget "survey" */;
			buildPhases = (
				6D8D8DA8174F350900260FE6 /* Sources */,
				6D8D8DA9174F350900260FE6 /* Frameworks */,
				6D8D8DAA174F350900260FE6 /* Resources */,
			);
			buildRules = (
			);
			dependencies = (
			);
			name = survey;
			productName = survey;
			productReference = 6D8D8DAC174F350900260FE6 /* survey.app */;
			productType = "com.apple.product-type.application";
		};
/* End PBXNativeTarget section */

/* Begin PBXProject section */
		6D8D8DA4174F350900260FE6 /* Project object */ = {
			isa = PBXProject;
			attributes = {
				CLASSPREFIX = MK;
				LastUpgradeCheck = 0460;
				ORGANIZATIONNAME = "no10pc@gmail.com";
			};
			buildConfigurationList = 6D8D8DA7174F350900260FE6 /* Build configuration list for PBXProject "survey" */;
			compatibilityVersion = "Xcode 3.2";
			developmentRegion = English;
			hasScannedForEncodings = 0;
			knownRegions = (
				en,
			);
			mainGroup = 6D8D8DA3174F350900260FE6;
			productRefGroup = 6D8D8DAD174F350900260FE6 /* Products */;
			projectDirPath = "";
			projectRoot = "";
			targets = (
				6D8D8DAB174F350900260FE6 /* survey */,
			);
		};
/* End PBXProject section */

/* Begin PBXResourcesBuildPhase section */
		6D8D8DAA174F350900260FE6 /* Resources */ = {
			isa = PBXResourcesBuildPhase;
			buildActionMask = 2147483647;
			files = (
				6D8D8DBA174F350900260FE6 /* InfoPlist.strings in Resources */,
				6D8D8DC2174F350900260FE6 /* Default.png in Resources */,
				6D8D8DC4174F350900260FE6 /* Default@2x.png in Resources */,
				6D8D8DC6174F350900260FE6 /* Default-568h@2x.png in Resources */,
				6D8D8DC9174F350900260FE6 /* MainStoryboard.storyboard in Resources */,
			);
			runOnlyForDeploymentPostprocessing = 0;
		};
/* End PBXResourcesBuildPhase section */

/* Begin PBXSourcesBuildPhase section */
		6D8D8DA8174F350900260FE6 /* Sources */ = {
			isa = PBXSourcesBuildPhase;
			buildActionMask = 2147483647;
			files = (
				6D8D8DBC174F350900260FE6 /* main.m in Sources */,
				6D8D8DC0174F350900260FE6 /* MKAppDelegate.m in Sources */,
				6D8D8DCC174F350900260FE6 /* MKViewController.m in Sources */,
			);
			runOnlyForDeploymentPostprocessing = 0;
		};
/* End PBXSourcesBuildPhase section */

/* Begin PBXVariantGroup section */
		6D8D8DB8174F350900260FE6 /* InfoPlist.strings */ = {
			isa = PBXVariantGroup;
			children = (
				6D8D8DB9174F350900260FE6 /* en */,
			);
			name = InfoPlist.strings;
			sourceTree = "<group>";
		};
		6D8D8DC7174F350900260FE6 /* MainStoryboard.storyboard */ = {
			isa = PBXVariantGroup;
			children = (
				6D8D8DC8174F350900260FE6 /* en */,
			);
			name = MainStoryboard.storyboard;
			sourceTree = "<group>";
		};
/* End PBXVariantGroup section */

/* Begin XCBuildConfiguration section */
		6D8D8DCD174F350900260FE6 /* Debug */ = {
			isa = XCBuildConfiguration;
			buildSettings = {
				ALWAYS_SEARCH_USER_PATHS = NO;
				CLANG_CXX_LANGUAGE_STANDARD = "gnu++0x";
				CLANG_CXX_LIBRARY = "libc++";
				CLANG_ENABLE_OBJC_ARC = YES;
				CLANG_WARN_CONSTANT_CONVERSION = YES;
				CLANG_WARN_EMPTY_BODY = YES;
				CLANG_WARN_ENUM_CONVERSION = YES;
				CLANG_WARN_INT_CONVERSION = YES;
				CLANG_WARN__DUPLICATE_METHOD_MATCH = YES;
				"CODE_SIGN_IDENTITY[sdk=iphoneos*]" = "iPhone Developer";
				COPY_PHASE_STRIP = NO;
				GCC_C_LANGUAGE_STANDARD = gnu99;
				GCC_DYNAMIC_NO_PIC = NO;
				GCC_OPTIMIZATION_LEVEL = 0;
				GCC_PREPROCESSOR_DEFINITIONS = (
					"DEBUG=1",
					"$(inherited)",
				);
				GCC_SYMBOLS_PRIVATE_EXTERN = NO;
				GCC_WARN_ABOUT_RETURN_TYPE = YES;
				GCC_WARN_UNINITIALIZED_AUTOS = YES;
				GCC_WARN_UNUSED_VARIABLE = YES;
				IPHONEOS_DEPLOYMENT_TARGET = 6.1;
				ONLY_ACTIVE_ARCH = YES;
				SDKROOT = iphoneos;
				TARGETED_DEVICE_FAMILY = 2;
			};
			name = Debug;
		};
		6D8D8DCE174F350900260FE6 /* Release */ = {
			isa = XCBuildConfiguration;
			buildSettings = {
				ALWAYS_SEARCH_USER_PATHS = NO;
				CLANG_CXX_LANGUAGE_STANDARD = "gnu++0x";
				CLANG_CXX_LIBRARY = "libc++";
				CLANG_ENABLE_OBJC_ARC = YES;
				CLANG_WARN_CONSTANT_CONVERSION = YES;
				CLANG_WARN_EMPTY_BODY = YES;
				CLANG_WARN_ENUM_CONVERSION = YES;
				CLANG_WARN_INT_CONVERSION = YES;
				CLANG_WARN__DUPLICATE_METHOD_MATCH = YES;
				"CODE_SIGN_IDENTITY[sdk=iphoneos*]" = "iPhone Developer";
				COPY_PHASE_STRIP = YES;
				GCC_C_LANGUAGE_STANDARD = gnu99;
				GCC_WARN_ABOUT_RETURN_TYPE = YES;
				GCC_WARN_UNINITIALIZED_AUTOS = YES;
				GCC_WARN_UNUSED_VARIABLE = YES;
				IPHONEOS_DEPLOYMENT_TARGET = 6.1;
				OTHER_CFLAGS = "-DNS_BLOCK_ASSERTIONS=1";
				SDKROOT = iphoneos;
				TARGETED_DEVICE_FAMILY = 2;
				VALIDATE_PRODUCT = YES;
			};
			name = Release;
		};
		6D8D8DD0174F350900260FE6 /* Debug */ = {
			isa = XCBuildConfiguration;
			buildSettings = {
				GCC_PRECOMPILE_PREFIX_HEADER = YES;
				GCC_PREFIX_HEADER = "survey/survey-Prefix.pch";
				INFOPLIST_FILE = "survey/survey-Info.plist";
				PRODUCT_NAME = "$(TARGET_NAME)";
				WRAPPER_EXTENSION = app;
			};
			name = Debug;
		};
		6D8D8DD1174F350900260FE6 /* Release */ = {
			isa = XCBuildConfiguration;
			buildSettings = {
				GCC_PRECOMPILE_PREFIX_HEADER = YES;
				GCC_PREFIX_HEADER = "survey/survey-Prefix.pch";
				INFOPLIST_FILE = "survey/survey-Info.plist";
				PRODUCT_NAME = "$(TARGET_NAME)";
				WRAPPER_EXTENSION = app;
			};
			name = Release;
		};
/* End XCBuildConfiguration section */

/* Begin XCConfigurationList section */
		6D8D8DA7174F350900260FE6 /* Build configuration list for PBXProject "survey" */ = {
			isa = XCConfigurationList;
			buildConfigurations = (
				6D8D8DCD174F350900260FE6 /* Debug */,
				6D8D8DCE174F350900260FE6 /* Release */,
			);
			defaultConfigurationIsVisible = 0;
			defaultConfigurationName = Release;
		};
		6D8D8DCF174F350900260FE6 /* Build configuration list for PBXNativeTarget "survey" */ = {
			isa = XCConfigurationList;
			buildConfigurations = (
				6D8D8DD0174F350900260FE6 /* Debug */,
				6D8D8DD1174F350900260FE6 /* Release */,
			);
			defaultConfigurationIsVisible = 0;
		};
/* End XCConfigurationList section */
	};
	rootObject = 6D8D8DA4174F350900260FE6 /* Project object */;
}
